
Microsoft Visual Studio Solution File, Format Version 12.00
Project("{F2A71F9B-5D33-465A-A702-920D77279786}") = "Picasa", "Picasa\Picasa.fsproj", "{F54D5EE4-D5E0-44A2-A7C2-0254B23DBCF1}"
EndProject
Global
	GlobalSection(SolutionConfigurationPlatforms) = preSolution
		Debug|Any CPU = Debug|Any CPU
		Release|Any CPU = Release|Any CPU
	EndGlobalSection
	GlobalSection(ProjectConfigurationPlatforms) = postSolution
		{F54D5EE4-D5E0-44A2-A7C2-0254B23DBCF1}.Debug|Any CPU.ActiveCfg = Debug|Any CPU
		{F54D5EE4-D5E0-44A2-A7C2-0254B23DBCF1}.Debug|Any CPU.Build.0 = Debug|Any CPU
		{F54D5EE4-D5E0-44A2-A7C2-0254B23DBCF1}.Release|Any CPU.ActiveCfg = Release|Any CPU
		{F54D5EE4-D5E0-44A2-A7C2-0254B23DBCF1}.Release|Any CPU.Build.0 = Release|Any CPU
	EndGlobalSection
EndGlobal
